
Microsoft Visual Studio Solution File, Format Version 12.00
# Visual Studio 14
VisualStudioVersion = 14.0.24720.0
MinimumVisualStudioVersion = 10.0.40219.1
Project("{FAE04EC0-301F-11D3-BF4B-00C04F79EFBC}") = "BwareAdmin", "BwareAdmin\BwareAdmin.csproj", "{69B16419-BBE9-4E20-8A6F-C520D01A7FDA}"
EndProject
Project("{FAE04EC0-301F-11D3-BF4B-00C04F79EFBC}") = "BwareAdmin.Tests", "BwareAdmin.Tests\BwareAdmin.Tests.csproj", "{286B6886-C3D7-4921-9CD4-C2D5527E5A2F}"
EndProject
Project("{2150E333-8FDC-42A3-9474-1A3956D46DE8}") = "Solution Items", "Solution Items", "{AB9DE743-A937-4780-B1DB-46E5873CBF5E}"
	ProjectSection(SolutionItems) = preProject
		.gitignore = .gitignore
	EndProjectSection
EndProject
Project("{FAE04EC0-301F-11D3-BF4B-00C04F79EFBC}") = "Bware.Data.Model", "Bware.Data.Model\Bware.Data.Model.csproj", "{98991E1E-EA01-495C-9CDE-FCE8E1720630}"
EndProject
Project("{FAE04EC0-301F-11D3-BF4B-00C04F79EFBC}") = "Bware.Data", "Bware.Data\Bware.Data.csproj", "{AD432439-2B42-4596-AF64-249FAC916C6C}"
EndProject
Global
	GlobalSection(SolutionConfigurationPlatforms) = preSolution
		Debug|Any CPU = Debug|Any CPU
		Release|Any CPU = Release|Any CPU
	EndGlobalSection
	GlobalSection(ProjectConfigurationPlatforms) = postSolution
		{69B16419-BBE9-4E20-8A6F-C520D01A7FDA}.Debug|Any CPU.ActiveCfg = Debug|Any CPU
		{69B16419-BBE9-4E20-8A6F-C520D01A7FDA}.Debug|Any CPU.Build.0 = Debug|Any CPU
		{69B16419-BBE9-4E20-8A6F-C520D01A7FDA}.Release|Any CPU.ActiveCfg = Release|Any CPU
		{69B16419-BBE9-4E20-8A6F-C520D01A7FDA}.Release|Any CPU.Build.0 = Release|Any CPU
		{286B6886-C3D7-4921-9CD4-C2D5527E5A2F}.Debug|Any CPU.ActiveCfg = Debug|Any CPU
		{286B6886-C3D7-4921-9CD4-C2D5527E5A2F}.Debug|Any CPU.Build.0 = Debug|Any CPU
		{286B6886-C3D7-4921-9CD4-C2D5527E5A2F}.Release|Any CPU.ActiveCfg = Release|Any CPU
		{286B6886-C3D7-4921-9CD4-C2D5527E5A2F}.Release|Any CPU.Build.0 = Release|Any CPU
		{98991E1E-EA01-495C-9CDE-FCE8E1720630}.Debug|Any CPU.ActiveCfg = Debug|Any CPU
		{98991E1E-EA01-495C-9CDE-FCE8E1720630}.Debug|Any CPU.Build.0 = Debug|Any CPU
		{98991E1E-EA01-495C-9CDE-FCE8E1720630}.Release|Any CPU.ActiveCfg = Release|Any CPU
		{98991E1E-EA01-495C-9CDE-FCE8E1720630}.Release|Any CPU.Build.0 = Release|Any CPU
		{AD432439-2B42-4596-AF64-249FAC916C6C}.Debug|Any CPU.ActiveCfg = Debug|Any CPU
		{AD432439-2B42-4596-AF64-249FAC916C6C}.Debug|Any CPU.Build.0 = Debug|Any CPU
		{AD432439-2B42-4596-AF64-249FAC916C6C}.Release|Any CPU.ActiveCfg = Release|Any CPU
		{AD432439-2B42-4596-AF64-249FAC916C6C}.Release|Any CPU.Build.0 = Release|Any CPU
	EndGlobalSection
	GlobalSection(SolutionProperties) = preSolution
		HideSolutionNode = FALSE
	EndGlobalSection
EndGlobal
